// !$*UTF8*$!
{
	archiveVersion = 1;
	classes = {
	};
	objectVersion = 50;
	objects = {

/* Begin PBXBuildFile section */
		499C34932654E21200E29D87 /* FeaturesCollectionViewCell.swift in Sources */ = {isa = PBXBuildFile; fileRef = 499C34912654E21200E29D87 /* FeaturesCollectionViewCell.swift */; };
		499C34942654E21200E29D87 /* FeaturesCollectionViewCell.xib in Resources */ = {isa = PBXBuildFile; fileRef = 499C34922654E21200E29D87 /* FeaturesCollectionViewCell.xib */; };
		49ACBED42653B4D90034C69D /* AppDelegate.swift in Sources */ = {isa = PBXBuildFile; fileRef = 49ACBED32653B4D90034C69D /* AppDelegate.swift */; };
		49ACBED62653B4D90034C69D /* SceneDelegate.swift in Sources */ = {isa = PBXBuildFile; fileRef = 49ACBED52653B4D90034C69D /* SceneDelegate.swift */; };
		49ACBEDB2653B4D90034C69D /* Main.storyboard in Resources */ = {isa = PBXBuildFile; fileRef = 49ACBED92653B4D90034C69D /* Main.storyboard */; };
		49ACBEDD2653B4DB0034C69D /* Assets.xcassets in Resources */ = {isa = PBXBuildFile; fileRef = 49ACBEDC2653B4DB0034C69D /* Assets.xcassets */; };
		49ACBEE02653B4DB0034C69D /* LaunchScreen.storyboard in Resources */ = {isa = PBXBuildFile; fileRef = 49ACBEDE2653B4DB0034C69D /* LaunchScreen.storyboard */; };
		49ACBEEB2653B4DB0034C69D /* DemoTimelineTests.swift in Sources */ = {isa = PBXBuildFile; fileRef = 49ACBEEA2653B4DB0034C69D /* DemoTimelineTests.swift */; };
		49ACBEF62653B4DB0034C69D /* DemoTimelineUITests.swift in Sources */ = {isa = PBXBuildFile; fileRef = 49ACBEF52653B4DB0034C69D /* DemoTimelineUITests.swift */; };
		49ACBF082653B6E60034C69D /* TimelineTableViewCell.swift in Sources */ = {isa = PBXBuildFile; fileRef = 49ACBF062653B6E60034C69D /* TimelineTableViewCell.swift */; };
		49ACBF092653B6E60034C69D /* TimelineTableViewCell.xib in Resources */ = {isa = PBXBuildFile; fileRef = 49ACBF072653B6E60034C69D /* TimelineTableViewCell.xib */; };
		49ACBF0B2653B6F30034C69D /* TimelineTableViewController.swift in Sources */ = {isa = PBXBuildFile; fileRef = 49ACBF0A2653B6F30034C69D /* TimelineTableViewController.swift */; };
		49ACBF0D2653B7110034C69D /* FeaturesViewController.swift in Sources */ = {isa = PBXBuildFile; fileRef = 49ACBF0C2653B7110034C69D /* FeaturesViewController.swift */; };
		49ACBF0F2653CABE0034C69D /* Course.swift in Sources */ = {isa = PBXBuildFile; fileRef = 49ACBF0E2653CABE0034C69D /* Course.swift */; };
		49ACBF112653D1530034C69D /* Extension.swift in Sources */ = {isa = PBXBuildFile; fileRef = 49ACBF102653D1530034C69D /* Extension.swift */; };
		49ACBF15265411E30034C69D /* TimelineTableViewHeader.swift in Sources */ = {isa = PBXBuildFile; fileRef = 49ACBF13265411E30034C69D /* TimelineTableViewHeader.swift */; };
/* End PBXBuildFile section */

/* Begin PBXContainerItemProxy section */
		49ACBEE72653B4DB0034C69D /* PBXContainerItemProxy */ = {
			isa = PBXContainerItemProxy;
			containerPortal = 49ACBEC82653B4D90034C69D /* Project object */;
			proxyType = 1;
			remoteGlobalIDString = 49ACBECF2653B4D90034C69D;
			remoteInfo = DemoTimeline;
		};
		49ACBEF22653B4DB0034C69D /* PBXContainerItemProxy */ = {
			isa = PBXContainerItemProxy;
			containerPortal = 49ACBEC82653B4D90034C69D /* Project object */;
			proxyType = 1;
			remoteGlobalIDString = 49ACBECF2653B4D90034C69D;
			remoteInfo = DemoTimeline;
		};
/* End PBXContainerItemProxy section */

/* Begin PBXFileReference section */
		499C34912654E21200E29D87 /* FeaturesCollectionViewCell.swift */ = {isa = PBXFileReference; lastKnownFileType = sourcecode.swift; path = FeaturesCollectionViewCell.swift; sourceTree = "<group>"; };
		499C34922654E21200E29D87 /* FeaturesCollectionViewCell.xib */ = {isa = PBXFileReference; lastKnownFileType = file.xib; path = FeaturesCollectionViewCell.xib; sourceTree = "<group>"; };
		49ACBED02653B4D90034C69D /* DemoTimeline.app */ = {isa = PBXFileReference; explicitFileType = wrapper.application; includeInIndex = 0; path = DemoTimeline.app; sourceTree = BUILT_PRODUCTS_DIR; };
		49ACBED32653B4D90034C69D /* AppDelegate.swift */ = {isa = PBXFileReference; lastKnownFileType = sourcecode.swift; path = AppDelegate.swift; sourceTree = "<group>"; };
		49ACBED52653B4D90034C69D /* SceneDelegate.swift */ = {isa = PBXFileReference; lastKnownFileType = sourcecode.swift; path = SceneDelegate.swift; sourceTree = "<group>"; };
		49ACBEDA2653B4D90034C69D /* Base */ = {isa = PBXFileReference; lastKnownFileType = file.storyboard; name = Base; path = Base.lproj/Main.storyboard; sourceTree = "<group>"; };
		49ACBEDC2653B4DB0034C69D /* Assets.xcassets */ = {isa = PBXFileReference; lastKnownFileType = folder.assetcatalog; path = Assets.xcassets; sourceTree = "<group>"; };
		49ACBEDF2653B4DB0034C69D /* Base */ = {isa = PBXFileReference; lastKnownFileType = file.storyboard; name = Base; path = Base.lproj/LaunchScreen.storyboard; sourceTree = "<group>"; };
		49ACBEE12653B4DB0034C69D /* Info.plist */ = {isa = PBXFileReference; lastKnownFileType = text.plist.xml; path = Info.plist; sourceTree = "<group>"; };
		49ACBEE62653B4DB0034C69D /* DemoTimelineTests.xctest */ = {isa = PBXFileReference; explicitFileType = wrapper.cfbundle; includeInIndex = 0; path = DemoTimelineTests.xctest; sourceTree = BUILT_PRODUCTS_DIR; };
		49ACBEEA2653B4DB0034C69D /* DemoTimelineTests.swift */ = {isa = PBXFileReference; lastKnownFileType = sourcecode.swift; path = DemoTimelineTests.swift; sourceTree = "<group>"; };
		49ACBEEC2653B4DB0034C69D /* Info.plist */ = {isa = PBXFileReference; lastKnownFileType = text.plist.xml; path = Info.plist; sourceTree = "<group>"; };
		49ACBEF12653B4DB0034C69D /* DemoTimelineUITests.xctest */ = {isa = PBXFileReference; explicitFileType = wrapper.cfbundle; includeInIndex = 0; path = DemoTimelineUITests.xctest; sourceTree = BUILT_PRODUCTS_DIR; };
		49ACBEF52653B4DB0034C69D /* DemoTimelineUITests.swift */ = {isa = PBXFileReference; lastKnownFileType = sourcecode.swift; path = DemoTimelineUITests.swift; sourceTree = "<group>"; };
		49ACBEF72653B4DB0034C69D /* Info.plist */ = {isa = PBXFileReference; lastKnownFileType = text.plist.xml; path = Info.plist; sourceTree = "<group>"; };
		49ACBF062653B6E60034C69D /* TimelineTableViewCell.swift */ = {isa = PBXFileReference; lastKnownFileType = sourcecode.swift; path = TimelineTableViewCell.swift; sourceTree = "<group>"; };
		49ACBF072653B6E60034C69D /* TimelineTableViewCell.xib */ = {isa = PBXFileReference; lastKnownFileType = file.xib; path = TimelineTableViewCell.xib; sourceTree = "<group>"; };
		49ACBF0A2653B6F30034C69D /* TimelineTableViewController.swift */ = {isa = PBXFileReference; lastKnownFileType = sourcecode.swift; path = TimelineTableViewController.swift; sourceTree = "<group>"; };
		49ACBF0C2653B7110034C69D /* FeaturesViewController.swift */ = {isa = PBXFileReference; lastKnownFileType = sourcecode.swift; path = FeaturesViewController.swift; sourceTree = "<group>"; };
		49ACBF0E2653CABE0034C69D /* Course.swift */ = {isa = PBXFileReference; lastKnownFileType = sourcecode.swift; path = Course.swift; sourceTree = "<group>"; };
		49ACBF102653D1530034C69D /* Extension.swift */ = {isa = PBXFileReference; lastKnownFileType = sourcecode.swift; path = Extension.swift; sourceTree = "<group>"; };
		49ACBF13265411E30034C69D /* TimelineTableViewHeader.swift */ = {isa = PBXFileReference; lastKnownFileType = sourcecode.swift; path = TimelineTableViewHeader.swift; sourceTree = "<group>"; };
/* End PBXFileReference section */

/* Begin PBXFrameworksBuildPhase section */
		49ACBECD2653B4D90034C69D /* Frameworks */ = {
			isa = PBXFrameworksBuildPhase;
			buildActionMask = 2147483647;
			files = (
			);
			runOnlyForDeploymentPostprocessing = 0;
		};
		49ACBEE32653B4DB0034C69D /* Frameworks */ = {
			isa = PBXFrameworksBuildPhase;
			buildActionMask = 2147483647;
			files = (
			);
			runOnlyForDeploymentPostprocessing = 0;
		};
		49ACBEEE2653B4DB0034C69D /* Frameworks */ = {
			isa = PBXFrameworksBuildPhase;
			buildActionMask = 2147483647;
			files = (
			);
			runOnlyForDeploymentPostprocessing = 0;
		};
/* End PBXFrameworksBuildPhase section */

/* Begin PBXGroup section */
		49ACBEC72653B4D90034C69D = {
			isa = PBXGroup;
			children = (
				49ACBED22653B4D90034C69D /* DemoTimeline */,
				49ACBEE92653B4DB0034C69D /* DemoTimelineTests */,
				49ACBEF42653B4DB0034C69D /* DemoTimelineUITests */,
				49ACBED12653B4D90034C69D /* Products */,
			);
			sourceTree = "<group>";
		};
		49ACBED12653B4D90034C69D /* Products */ = {
			isa = PBXGroup;
			children = (
				49ACBED02653B4D90034C69D /* DemoTimeline.app */,
				49ACBEE62653B4DB0034C69D /* DemoTimelineTests.xctest */,
				49ACBEF12653B4DB0034C69D /* DemoTimelineUITests.xctest */,
			);
			name = Products;
			sourceTree = "<group>";
		};
		49ACBED22653B4D90034C69D /* DemoTimeline */ = {
			isa = PBXGroup;
			children = (
				49ACBF122653F9A30034C69D /* Helper */,
				49ACBF032653B6A70034C69D /* Model */,
				49ACBF042653B6AD0034C69D /* View */,
				49ACBF052653B6B10034C69D /* Controller */,
				49ACBEDC2653B4DB0034C69D /* Assets.xcassets */,
				49ACBEDE2653B4DB0034C69D /* LaunchScreen.storyboard */,
				49ACBEE12653B4DB0034C69D /* Info.plist */,
			);
			path = DemoTimeline;
			sourceTree = "<group>";
		};
		49ACBEE92653B4DB0034C69D /* DemoTimelineTests */ = {
			isa = PBXGroup;
			children = (
				49ACBEEA2653B4DB0034C69D /* DemoTimelineTests.swift */,
				49ACBEEC2653B4DB0034C69D /* Info.plist */,
			);
			path = DemoTimelineTests;
			sourceTree = "<group>";
		};
		49ACBEF42653B4DB0034C69D /* DemoTimelineUITests */ = {
			isa = PBXGroup;
			children = (
				49ACBEF52653B4DB0034C69D /* DemoTimelineUITests.swift */,
				49ACBEF72653B4DB0034C69D /* Info.plist */,
			);
			path = DemoTimelineUITests;
			sourceTree = "<group>";
		};
		49ACBF032653B6A70034C69D /* Model */ = {
			isa = PBXGroup;
			children = (
				49ACBF0E2653CABE0034C69D /* Course.swift */,
			);
			path = Model;
			sourceTree = "<group>";
		};
		49ACBF042653B6AD0034C69D /* View */ = {
			isa = PBXGroup;
			children = (
				49ACBED92653B4D90034C69D /* Main.storyboard */,
				49ACBF072653B6E60034C69D /* TimelineTableViewCell.xib */,
				499C34922654E21200E29D87 /* FeaturesCollectionViewCell.xib */,
			);
			path = View;
			sourceTree = "<group>";
		};
		49ACBF052653B6B10034C69D /* Controller */ = {
			isa = PBXGroup;
			children = (
				49ACBED32653B4D90034C69D /* AppDelegate.swift */,
				49ACBED52653B4D90034C69D /* SceneDelegate.swift */,
				49ACBF0A2653B6F30034C69D /* TimelineTableViewController.swift */,
				49ACBF062653B6E60034C69D /* TimelineTableViewCell.swift */,
				49ACBF13265411E30034C69D /* TimelineTableViewHeader.swift */,
				49ACBF0C2653B7110034C69D /* FeaturesViewController.swift */,
				499C34912654E21200E29D87 /* FeaturesCollectionViewCell.swift */,
			);
			path = Controller;
			sourceTree = "<group>";
		};
		49ACBF122653F9A30034C69D /* Helper */ = {
			isa = PBXGroup;
			children = (
				49ACBF102653D1530034C69D /* Extension.swift */,
			);
			path = Helper;
			sourceTree = "<group>";
		};
/* End PBXGroup section */

/* Begin PBXNativeTarget section */
		49ACBECF2653B4D90034C69D /* DemoTimeline */ = {
			isa = PBXNativeTarget;
			buildConfigurationList = 49ACBEFA2653B4DB0034C69D /* Build configuration list for PBXNativeTarget "DemoTimeline" */;
			buildPhases = (
				49ACBECC2653B4D90034C69D /* Sources */,
				49ACBECD2653B4D90034C69D /* Frameworks */,
				49ACBECE2653B4D90034C69D /* Resources */,
			);
			buildRules = (
			);
			dependencies = (
			);
			name = DemoTimeline;
			productName = DemoTimeline;
			productReference = 49ACBED02653B4D90034C69D /* DemoTimeline.app */;
			productType = "com.apple.product-type.application";
		};
		49ACBEE52653B4DB0034C69D /* DemoTimelineTests */ = {
			isa = PBXNativeTarget;
			buildConfigurationList = 49ACBEFD2653B4DB0034C69D /* Build configuration list for PBXNativeTarget "DemoTimelineTests" */;
			buildPhases = (
				49ACBEE22653B4DB0034C69D /* Sources */,
				49ACBEE32653B4DB0034C69D /* Frameworks */,
				49ACBEE42653B4DB0034C69D /* Resources */,
			);
			buildRules = (
			);
			dependencies = (
				49ACBEE82653B4DB0034C69D /* PBXTargetDependency */,
			);
			name = DemoTimelineTests;
			productName = DemoTimelineTests;
			productReference = 49ACBEE62653B4DB0034C69D /* DemoTimelineTests.xctest */;
			productType = "com.apple.product-type.bundle.unit-test";
		};
		49ACBEF02653B4DB0034C69D /* DemoTimelineUITests */ = {
			isa = PBXNativeTarget;
			buildConfigurationList = 49ACBF002653B4DB0034C69D /* Build configuration list for PBXNativeTarget "DemoTimelineUITests" */;
			buildPhases = (
				49ACBEED2653B4DB0034C69D /* Sources */,
				49ACBEEE2653B4DB0034C69D /* Frameworks */,
				49ACBEEF2653B4DB0034C69D /* Resources */,
			);
			buildRules = (
			);
			dependencies = (
				49ACBEF32653B4DB0034C69D /* PBXTargetDependency */,
			);
			name = DemoTimelineUITests;
			productName = DemoTimelineUITests;
			productReference = 49ACBEF12653B4DB0034C69D /* DemoTimelineUITests.xctest */;
			productType = "com.apple.product-type.bundle.ui-testing";
		};
/* End PBXNativeTarget section */

/* Begin PBXProject section */
		49ACBEC82653B4D90034C69D /* Project object */ = {
			isa = PBXProject;
			attributes = {
				LastSwiftUpdateCheck = 1250;
				LastUpgradeCheck = 1250;
				TargetAttributes = {
					49ACBECF2653B4D90034C69D = {
						CreatedOnToolsVersion = 12.5;
					};
					49ACBEE52653B4DB0034C69D = {
						CreatedOnToolsVersion = 12.5;
						TestTargetID = 49ACBECF2653B4D90034C69D;
					};
					49ACBEF02653B4DB0034C69D = {
						CreatedOnToolsVersion = 12.5;
						TestTargetID = 49ACBECF2653B4D90034C69D;
					};
				};
			};
			buildConfigurationList = 49ACBECB2653B4D90034C69D /* Build configuration list for PBXProject "DemoTimeline" */;
			compatibilityVersion = "Xcode 9.3";
			developmentRegion = en;
			hasScannedForEncodings = 0;
			knownRegions = (
				en,
				Base,
			);
			mainGroup = 49ACBEC72653B4D90034C69D;
			productRefGroup = 49ACBED12653B4D90034C69D /* Products */;
			projectDirPath = "";
			projectRoot = "";
			targets = (
				49ACBECF2653B4D90034C69D /* DemoTimeline */,
				49ACBEE52653B4DB0034C69D /* DemoTimelineTests */,
				49ACBEF02653B4DB0034C69D /* DemoTimelineUITests */,
			);
		};
/* End PBXProject section */

/* Begin PBXResourcesBuildPhase section */
		49ACBECE2653B4D90034C69D /* Resources */ = {
			isa = PBXResourcesBuildPhase;
			buildActionMask = 2147483647;
			files = (
				49ACBF092653B6E60034C69D /* TimelineTableViewCell.xib in Resources */,
				49ACBEE02653B4DB0034C69D /* LaunchScreen.storyboard in Resources */,
				49ACBEDD2653B4DB0034C69D /* Assets.xcassets in Resources */,
				49ACBEDB2653B4D90034C69D /* Main.storyboard in Resources */,
				499C34942654E21200E29D87 /* FeaturesCollectionViewCell.xib in Resources */,
			);
			runOnlyForDeploymentPostprocessing = 0;
		};
		49ACBEE42653B4DB0034C69D /* Resources */ = {
			isa = PBXResourcesBuildPhase;
			buildActionMask = 2147483647;
			files = (
			);
			runOnlyForDeploymentPostprocessing = 0;
		};
		49ACBEEF2653B4DB0034C69D /* Resources */ = {
			isa = PBXResourcesBuildPhase;
			buildActionMask = 2147483647;
			files = (
			);
			runOnlyForDeploymentPostprocessing = 0;
		};
/* End PBXResourcesBuildPhase section */

/* Begin PBXSourcesBuildPhase section */
		49ACBECC2653B4D90034C69D /* Sources */ = {
			isa = PBXSourcesBuildPhase;
			buildActionMask = 2147483647;
			files = (
				49ACBF0F2653CABE0034C69D /* Course.swift in Sources */,
				49ACBF0D2653B7110034C69D /* FeaturesViewController.swift in Sources */,
				49ACBF112653D1530034C69D /* Extension.swift in Sources */,
				499C34932654E21200E29D87 /* FeaturesCollectionViewCell.swift in Sources */,
				49ACBF15265411E30034C69D /* TimelineTableViewHeader.swift in Sources */,
				49ACBED42653B4D90034C69D /* AppDelegate.swift in Sources */,
				49ACBF082653B6E60034C69D /* TimelineTableViewCell.swift in Sources */,
				49ACBF0B2653B6F30034C69D /* TimelineTableViewController.swift in Sources */,
				49ACBED62653B4D90034C69D /* SceneDelegate.swift in Sources */,
			);
			runOnlyForDeploymentPostprocessing = 0;
		};
		49ACBEE22653B4DB0034C69D /* Sources */ = {
			isa = PBXSourcesBuildPhase;
			buildActionMask = 2147483647;
			files = (
				49ACBEEB2653B4DB0034C69D /* DemoTimelineTests.swift in Sources */,
			);
			runOnlyForDeploymentPostprocessing = 0;
		};
		49ACBEED2653B4DB0034C69D /* Sources */ = {
			isa = PBXSourcesBuildPhase;
			buildActionMask = 2147483647;
			files = (
				49ACBEF62653B4DB0034C69D /* DemoTimelineUITests.swift in Sources */,
			);
			runOnlyForDeploymentPostprocessing = 0;
		};
/* End PBXSourcesBuildPhase section */

/* Begin PBXTargetDependency section */
		49ACBEE82653B4DB0034C69D /* PBXTargetDependency */ = {
			isa = PBXTargetDependency;
			target = 49ACBECF2653B4D90034C69D /* DemoTimeline */;
			targetProxy = 49ACBEE72653B4DB0034C69D /* PBXContainerItemProxy */;
		};
		49ACBEF32653B4DB0034C69D /* PBXTargetDependency */ = {
			isa = PBXTargetDependency;
			target = 49ACBECF2653B4D90034C69D /* DemoTimeline */;
			targetProxy = 49ACBEF22653B4DB0034C69D /* PBXContainerItemProxy */;
		};
/* End PBXTargetDependency section */

/* Begin PBXVariantGroup section */
		49ACBED92653B4D90034C69D /* Main.storyboard */ = {
			isa = PBXVariantGroup;
			children = (
				49ACBEDA2653B4D90034C69D /* Base */,
			);
			name = Main.storyboard;
			sourceTree = "<group>";
		};
		49ACBEDE2653B4DB0034C69D /* LaunchScreen.storyboard */ = {
			isa = PBXVariantGroup;
			children = (
				49ACBEDF2653B4DB0034C69D /* Base */,
			);
			name = LaunchScreen.storyboard;
			sourceTree = "<group>";
		};
/* End PBXVariantGroup section */

/* Begin XCBuildConfiguration section */
		49ACBEF82653B4DB0034C69D /* Debug */ = {
			isa = XCBuildConfiguration;
			buildSettings = {
				ALWAYS_SEARCH_USER_PATHS = NO;
				CLANG_ANALYZER_NONNULL = YES;
				CLANG_ANALYZER_NUMBER_OBJECT_CONVERSION = YES_AGGRESSIVE;
				CLANG_CXX_LANGUAGE_STANDARD = "gnu++14";
				CLANG_CXX_LIBRARY = "libc++";
				CLANG_ENABLE_MODULES = YES;
				CLANG_ENABLE_OBJC_ARC = YES;
				CLANG_ENABLE_OBJC_WEAK = YES;
				CLANG_WARN_BLOCK_CAPTURE_AUTORELEASING = YES;
				CLANG_WARN_BOOL_CONVERSION = YES;
				CLANG_WARN_COMMA = YES;
				CLANG_WARN_CONSTANT_CONVERSION = YES;
				CLANG_WARN_DEPRECATED_OBJC_IMPLEMENTATIONS = YES;
				CLANG_WARN_DIRECT_OBJC_ISA_USAGE = YES_ERROR;
				CLANG_WARN_DOCUMENTATION_COMMENTS = YES;
				CLANG_WARN_EMPTY_BODY = YES;
				CLANG_WARN_ENUM_CONVERSION = YES;
				CLANG_WARN_INFINITE_RECURSION = YES;
				CLANG_WARN_INT_CONVERSION = YES;
				CLANG_WARN_NON_LITERAL_NULL_CONVERSION = YES;
				CLANG_WARN_OBJC_IMPLICIT_RETAIN_SELF = YES;
				CLANG_WARN_OBJC_LITERAL_CONVERSION = YES;
				CLANG_WARN_OBJC_ROOT_CLASS = YES_ERROR;
				CLANG_WARN_QUOTED_INCLUDE_IN_FRAMEWORK_HEADER = YES;
				CLANG_WARN_RANGE_LOOP_ANALYSIS = YES;
				CLANG_WARN_STRICT_PROTOTYPES = YES;
				CLANG_WARN_SUSPICIOUS_MOVE = YES;
				CLANG_WARN_UNGUARDED_AVAILABILITY = YES_AGGRESSIVE;
				CLANG_WARN_UNREACHABLE_CODE = YES;
				CLANG_WARN__DUPLICATE_METHOD_MATCH = YES;
				COPY_PHASE_STRIP = NO;
				DEBUG_INFORMATION_FORMAT = dwarf;
				ENABLE_STRICT_OBJC_MSGSEND = YES;
				ENABLE_TESTABILITY = YES;
				GCC_C_LANGUAGE_STANDARD = gnu11;
				GCC_DYNAMIC_NO_PIC = NO;
				GCC_NO_COMMON_BLOCKS = YES;
				GCC_OPTIMIZATION_LEVEL = 0;
				GCC_PREPROCESSOR_DEFINITIONS = (
					"DEBUG=1",
					"$(inherited)",
				);
				GCC_WARN_64_TO_32_BIT_CONVERSION = YES;
				GCC_WARN_ABOUT_RETURN_TYPE = YES_ERROR;
				GCC_WARN_UNDECLARED_SELECTOR = YES;
				GCC_WARN_UNINITIALIZED_AUTOS = YES_AGGRESSIVE;
				GCC_WARN_UNUSED_FUNCTION = YES;
				GCC_WARN_UNUSED_VARIABLE = YES;
				IPHONEOS_DEPLOYMENT_TARGET = 14.5;
				MTL_ENABLE_DEBUG_INFO = INCLUDE_SOURCE;
				MTL_FAST_MATH = YES;
				ONLY_ACTIVE_ARCH = YES;
				SDKROOT = iphoneos;
				SWIFT_ACTIVE_COMPILATION_CONDITIONS = DEBUG;
				SWIFT_OPTIMIZATION_LEVEL = "-Onone";
			};
			name = Debug;
		};
		49ACBEF92653B4DB0034C69D /* Release */ = {
			isa = XCBuildConfiguration;
			buildSettings = {
				ALWAYS_SEARCH_USER_PATHS = NO;
				CLANG_ANALYZER_NONNULL = YES;
				CLANG_ANALYZER_NUMBER_OBJECT_CONVERSION = YES_AGGRESSIVE;
				CLANG_CXX_LANGUAGE_STANDARD = "gnu++14";
				CLANG_CXX_LIBRARY = "libc++";
				CLANG_ENABLE_MODULES = YES;
				CLANG_ENABLE_OBJC_ARC = YES;
				CLANG_ENABLE_OBJC_WEAK = YES;
				CLANG_WARN_BLOCK_CAPTURE_AUTORELEASING = YES;
				CLANG_WARN_BOOL_CONVERSION = YES;
				CLANG_WARN_COMMA = YES;
				CLANG_WARN_CONSTANT_CONVERSION = YES;
				CLANG_WARN_DEPRECATED_OBJC_IMPLEMENTATIONS = YES;
				CLANG_WARN_DIRECT_OBJC_ISA_USAGE = YES_ERROR;
				CLANG_WARN_DOCUMENTATION_COMMENTS = YES;
				CLANG_WARN_EMPTY_BODY = YES;
				CLANG_WARN_ENUM_CONVERSION = YES;
				CLANG_WARN_INFINITE_RECURSION = YES;
				CLANG_WARN_INT_CONVERSION = YES;
				CLANG_WARN_NON_LITERAL_NULL_CONVERSION = YES;
				CLANG_WARN_OBJC_IMPLICIT_RETAIN_SELF = YES;
				CLANG_WARN_OBJC_LITERAL_CONVERSION = YES;
				CLANG_WARN_OBJC_ROOT_CLASS = YES_ERROR;
				CLANG_WARN_QUOTED_INCLUDE_IN_FRAMEWORK_HEADER = YES;
				CLANG_WARN_RANGE_LOOP_ANALYSIS = YES;
				CLANG_WARN_STRICT_PROTOTYPES = YES;
				CLANG_WARN_SUSPICIOUS_MOVE = YES;
				CLANG_WARN_UNGUARDED_AVAILABILITY = YES_AGGRESSIVE;
				CLANG_WARN_UNREACHABLE_CODE = YES;
				CLANG_WARN__DUPLICATE_METHOD_MATCH = YES;
				COPY_PHASE_STRIP = NO;
				DEBUG_INFORMATION_FORMAT = "dwarf-with-dsym";
				ENABLE_NS_ASSERTIONS = NO;
				ENABLE_STRICT_OBJC_MSGSEND = YES;
				GCC_C_LANGUAGE_STANDARD = gnu11;
				GCC_NO_COMMON_BLOCKS = YES;
				GCC_WARN_64_TO_32_BIT_CONVERSION = YES;
				GCC_WARN_ABOUT_RETURN_TYPE = YES_ERROR;
				GCC_WARN_UNDECLARED_SELECTOR = YES;
				GCC_WARN_UNINITIALIZED_AUTOS = YES_AGGRESSIVE;
				GCC_WARN_UNUSED_FUNCTION = YES;
				GCC_WARN_UNUSED_VARIABLE = YES;
				IPHONEOS_DEPLOYMENT_TARGET = 14.5;
				MTL_ENABLE_DEBUG_INFO = NO;
				MTL_FAST_MATH = YES;
				SDKROOT = iphoneos;
				SWIFT_COMPILATION_MODE = wholemodule;
				SWIFT_OPTIMIZATION_LEVEL = "-O";
				VALIDATE_PRODUCT = YES;
			};
			name = Release;
		};
		49ACBEFB2653B4DB0034C69D /* Debug */ = {
			isa = XCBuildConfiguration;
			buildSettings = {
				ASSETCATALOG_COMPILER_APPICON_NAME = AppIcon;
				ASSETCATALOG_COMPILER_GLOBAL_ACCENT_COLOR_NAME = AccentColor;
				CODE_SIGN_STYLE = Automatic;
				DEVELOPMENT_TEAM = J4FA69S8YM;
				INFOPLIST_FILE = DemoTimeline/Info.plist;
				LD_RUNPATH_SEARCH_PATHS = (
					"$(inherited)",
					"@executable_path/Frameworks",
				);
				PRODUCT_BUNDLE_IDENTIFIER = com.fereizqo.DemoTimeline;
				PRODUCT_NAME = "$(TARGET_NAME)";
				SWIFT_VERSION = 5.0;
				TARGETED_DEVICE_FAMILY = "1,2";
			};
			name = Debug;
		};
		49ACBEFC2653B4DB0034C69D /* Release */ = {
			isa = XCBuildConfiguration;
			buildSettings = {
				ASSETCATALOG_COMPILER_APPICON_NAME = AppIcon;
				ASSETCATALOG_COMPILER_GLOBAL_ACCENT_COLOR_NAME = AccentColor;
				CODE_SIGN_STYLE = Automatic;
				DEVELOPMENT_TEAM = J4FA69S8YM;
				INFOPLIST_FILE = DemoTimeline/Info.plist;
				LD_RUNPATH_SEARCH_PATHS = (
					"$(inherited)",
					"@executable_path/Frameworks",
				);
				PRODUCT_BUNDLE_IDENTIFIER = com.fereizqo.DemoTimeline;
				PRODUCT_NAME = "$(TARGET_NAME)";
				SWIFT_VERSION = 5.0;
				TARGETED_DEVICE_FAMILY = "1,2";
			};
			name = Release;
		};
		49ACBEFE2653B4DB0034C69D /* Debug */ = {
			isa = XCBuildConfiguration;
			buildSettings = {
				ALWAYS_EMBED_SWIFT_STANDARD_LIBRARIES = YES;
				BUNDLE_LOADER = "$(TEST_HOST)";
				CODE_SIGN_STYLE = Automatic;
				DEVELOPMENT_TEAM = J4FA69S8YM;
				INFOPLIST_FILE = DemoTimelineTests/Info.plist;
				IPHONEOS_DEPLOYMENT_TARGET = 14.5;
				LD_RUNPATH_SEARCH_PATHS = (
					"$(inherited)",
					"@executable_path/Frameworks",
					"@loader_path/Frameworks",
				);
				PRODUCT_BUNDLE_IDENTIFIER = com.fereizqo.DemoTimelineTests;
				PRODUCT_NAME = "$(TARGET_NAME)";
				SWIFT_VERSION = 5.0;
				TARGETED_DEVICE_FAMILY = "1,2";
				TEST_HOST = "$(BUILT_PRODUCTS_DIR)/DemoTimeline.app/DemoTimeline";
			};
			name = Debug;
		};
		49ACBEFF2653B4DB0034C69D /* Release */ = {
			isa = XCBuildConfiguration;
			buildSettings = {
				ALWAYS_EMBED_SWIFT_STANDARD_LIBRARIES = YES;
				BUNDLE_LOADER = "$(TEST_HOST)";
				CODE_SIGN_STYLE = Automatic;
				DEVELOPMENT_TEAM = J4FA69S8YM;
				INFOPLIST_FILE = DemoTimelineTests/Info.plist;
				IPHONEOS_DEPLOYMENT_TARGET = 14.5;
				LD_RUNPATH_SEARCH_PATHS = (
					"$(inherited)",
					"@executable_path/Frameworks",
					"@loader_path/Frameworks",
				);
				PRODUCT_BUNDLE_IDENTIFIER = com.fereizqo.DemoTimelineTests;
				PRODUCT_NAME = "$(TARGET_NAME)";
				SWIFT_VERSION = 5.0;
				TARGETED_DEVICE_FAMILY = "1,2";
				TEST_HOST = "$(BUILT_PRODUCTS_DIR)/DemoTimeline.app/DemoTimeline";
			};
			name = Release;
		};
		49ACBF012653B4DB0034C69D /* Debug */ = {
			isa = XCBuildConfiguration;
			buildSettings = {
				ALWAYS_EMBED_SWIFT_STANDARD_LIBRARIES = YES;
				CODE_SIGN_STYLE = Automatic;
				DEVELOPMENT_TEAM = J4FA69S8YM;
				INFOPLIST_FILE = DemoTimelineUITests/Info.plist;
				LD_RUNPATH_SEARCH_PATHS = (
					"$(inherited)",
					"@executable_path/Frameworks",
					"@loader_path/Frameworks",
				);
				PRODUCT_BUNDLE_IDENTIFIER = com.fereizqo.DemoTimelineUITests;
				PRODUCT_NAME = "$(TARGET_NAME)";
				SWIFT_VERSION = 5.0;
				TARGETED_DEVICE_FAMILY = "1,2";
				TEST_TARGET_NAME = DemoTimeline;
			};
			name = Debug;
		};
		49ACBF022653B4DB0034C69D /* Release */ = {
			isa = XCBuildConfiguration;
			buildSettings = {
				ALWAYS_EMBED_SWIFT_STANDARD_LIBRARIES = YES;
				CODE_SIGN_STYLE = Automatic;
				DEVELOPMENT_TEAM = J4FA69S8YM;
				INFOPLIST_FILE = DemoTimelineUITests/Info.plist;
				LD_RUNPATH_SEARCH_PATHS = (
					"$(inherited)",
					"@executable_path/Frameworks",
					"@loader_path/Frameworks",
				);
				PRODUCT_BUNDLE_IDENTIFIER = com.fereizqo.DemoTimelineUITests;
				PRODUCT_NAME = "$(TARGET_NAME)";
				SWIFT_VERSION = 5.0;
				TARGETED_DEVICE_FAMILY = "1,2";
				TEST_TARGET_NAME = DemoTimeline;
			};
			name = Release;
		};
/* End XCBuildConfiguration section */

/* Begin XCConfigurationList section */
		49ACBECB2653B4D90034C69D /* Build configuration list for PBXProject "DemoTimeline" */ = {
			isa = XCConfigurationList;
			buildConfigurations = (
				49ACBEF82653B4DB0034C69D /* Debug */,
				49ACBEF92653B4DB0034C69D /* Release */,
			);
			defaultConfigurationIsVisible = 0;
			defaultConfigurationName = Release;
		};
		49ACBEFA2653B4DB0034C69D /* Build configuration list for PBXNativeTarget "DemoTimeline" */ = {
			isa = XCConfigurationList;
			buildConfigurations = (
				49ACBEFB2653B4DB0034C69D /* Debug */,
				49ACBEFC2653B4DB0034C69D /* Release */,
			);
			defaultConfigurationIsVisible = 0;
			defaultConfigurationName = Release;
		};
		49ACBEFD2653B4DB0034C69D /* Build configuration list for PBXNativeTarget "DemoTimelineTests" */ = {
			isa = XCConfigurationList;
			buildConfigurations = (
				49ACBEFE2653B4DB0034C69D /* Debug */,
				49ACBEFF2653B4DB0034C69D /* Release */,
			);
			defaultConfigurationIsVisible = 0;
			defaultConfigurationName = Release;
		};
		49ACBF002653B4DB0034C69D /* Build configuration list for PBXNativeTarget "DemoTimelineUITests" */ = {
			isa = XCConfigurationList;
			buildConfigurations = (
				49ACBF012653B4DB0034C69D /* Debug */,
				49ACBF022653B4DB0034C69D /* Release */,
			);
			defaultConfigurationIsVisible = 0;
			defaultConfigurationName = Release;
		};
/* End XCConfigurationList section */
	};
	rootObject = 49ACBEC82653B4D90034C69D /* Project object */;
}
